
Microsoft Visual Studio Solution File, Format Version 12.00
# Visual Studio 15
VisualStudioVersion = 15.0.28010.2046
MinimumVisualStudioVersion = 10.0.40219.1
Project("{FAE04EC0-301F-11D3-BF4B-00C04F79EFBC}") = "vroom", "vroom\vroom.csproj", "{65ED5211-F2DE-40EC-9231-B8944B8FC5FD}"
EndProject
Global
	GlobalSection(SolutionConfigurationPlatforms) = preSolution
		Debug|Any CPU = Debug|Any CPU
		Release|Any CPU = Release|Any CPU
	EndGlobalSection
	GlobalSection(ProjectConfigurationPlatforms) = postSolution
		{65ED5211-F2DE-40EC-9231-B8944B8FC5FD}.Debug|Any CPU.ActiveCfg = Debug|Any CPU
		{65ED5211-F2DE-40EC-9231-B8944B8FC5FD}.Debug|Any CPU.Build.0 = Debug|Any CPU
		{65ED5211-F2DE-40EC-9231-B8944B8FC5FD}.Release|Any CPU.ActiveCfg = Release|Any CPU
		{65ED5211-F2DE-40EC-9231-B8944B8FC5FD}.Release|Any CPU.Build.0 = Release|Any CPU
	EndGlobalSection
	GlobalSection(SolutionProperties) = preSolution
		HideSolutionNode = FALSE
	EndGlobalSection
	GlobalSection(ExtensibilityGlobals) = postSolution
		SolutionGuid = {75F0597E-A7EA-454D-86D0-38CE9ECDB77D}
	EndGlobalSection
EndGlobal
